
Microsoft Visual Studio Solution File, Format Version 12.00
# Visual Studio Version 17
VisualStudioVersion = 17.4.33403.182
MinimumVisualStudioVersion = 10.0.40219.1
Project("{FAE04EC0-301F-11D3-BF4B-00C04F79EFBC}") = "eTickets", "eTickets\eTickets.csproj", "{88E1D54E-1E9F-49CE-87DB-6DF80EFD2497}"
EndProject
Global
	GlobalSection(SolutionConfigurationPlatforms) = preSolution
		Debug|Any CPU = Debug|Any CPU
		Release|Any CPU = Release|Any CPU
	EndGlobalSection
	GlobalSection(ProjectConfigurationPlatforms) = postSolution
		{88E1D54E-1E9F-49CE-87DB-6DF80EFD2497}.Debug|Any CPU.ActiveCfg = Debug|Any CPU
		{88E1D54E-1E9F-49CE-87DB-6DF80EFD2497}.Debug|Any CPU.Build.0 = Debug|Any CPU
		{88E1D54E-1E9F-49CE-87DB-6DF80EFD2497}.Release|Any CPU.ActiveCfg = Release|Any CPU
		{88E1D54E-1E9F-49CE-87DB-6DF80EFD2497}.Release|Any CPU.Build.0 = Release|Any CPU
	EndGlobalSection
	GlobalSection(SolutionProperties) = preSolution
		HideSolutionNode = FALSE
	EndGlobalSection
	GlobalSection(ExtensibilityGlobals) = postSolution
		SolutionGuid = {AD7CAD25-E6E8-4CAD-9652-155555904901}
	EndGlobalSection
EndGlobal
